# THIS IS AN AUTOGENERATED FILE. DO NOT EDIT THIS FILE DIRECTLY.
# yarn lockfile v1


"@faker-js/faker@^6.2.0":
  "integrity" "sha512-3kIcQ+aTr3I+LqDbJwbINFk5oA+a63LH57GPJt9PM8AWqN7nCwnubuSiWosHYQlyf2NicrvpzXQxllyLeEdpyQ=="
  "resolved" "https://registry.npmjs.org/@faker-js/faker/-/faker-6.2.0.tgz"
  "version" "6.2.0"

"@types/node@17.0.38":
  "integrity" "sha512-5jY9RhV7c0Z4Jy09G+NIDTsCZ5G0L5n+Z+p+Y7t5VJHM30bgwzSjVtlcBxqAj+6L/swIlvtOSzr8rBk/aNyV2g=="
  "resolved" "https://registry.npmjs.org/@types/node/-/node-17.0.38.tgz"
  "version" "17.0.38"

"argparse@^2.0.1":
  "integrity" "sha512-8+9WqebbFzpX9OR+Wa6O29asIogeRMzcGtAINdpMHHyAg10f05aSFVBbcEqGf/PXw1EjAZ+q2/bEBg3DvurK3Q=="
  "resolved" "https://registry.npmjs.org/argparse/-/argparse-2.0.1.tgz"
  "version" "2.0.1"

"asynckit@^0.4.0":
  "integrity" "sha512-Oei9OH4tRh0YqU3GxhX79dM/mwVgvbZJaSNaRk+bshkj0S5cfHcgYakreBjrHwatXKbz+IoIdYLxrKim2MjW0Q=="
  "resolved" "https://registry.npmjs.org/asynckit/-/asynckit-0.4.0.tgz"
  "version" "0.4.0"

"axios@0.27.2":
  "integrity" "sha512-t+yRIyySRTp/wua5xEr+z1q60QmLq8ABsS5O9Me1AsE5dfKqgnCFzwiCZZ/cGNd1lq4/7akDWMxdhVlucjmnOQ=="
  "resolved" "https://registry.npmjs.org/axios/-/axios-0.27.2.tgz"
  "version" "0.27.2"
  dependencies:
    "follow-redirects" "^1.14.9"
    "form-data" "^4.0.0"

"combined-stream@^1.0.8":
  "integrity" "sha512-FQN4MRfuJeHf7cBbBMJFXhKSDq+2kAArBlmRBvcvFE5BB1HZKXtSFASDhdlz9zOYwxh8lDdnvmMOe/+5cdoEdg=="
  "resolved" "https://registry.npmjs.org/combined-stream/-/combined-stream-1.0.8.tgz"
  "version" "1.0.8"
  dependencies:
    "delayed-stream" "~1.0.0"

"delayed-stream@~1.0.0":
  "integrity" "sha512-ZySD7Nf91aLB0RxL4KGrKHBXl7Eds1DAmEdcoVawXnLD7SDhpNgtuII2aAkg7a7QS41jxPSZ17p4VdGnMHk3MQ=="
  "resolved" "https://registry.npmjs.org/delayed-stream/-/delayed-stream-1.0.0.tgz"
  "version" "1.0.0"

"esbuild-linux-64@0.14.36":
  "integrity" "sha512-vFVFS5ve7PuwlfgoWNyRccGDi2QTNkQo/2k5U5ttVD0jRFaMlc8UQee708fOZA6zTCDy5RWsT5MJw3sl2X6KDg=="
  "resolved" "https://registry.npmjs.org/esbuild-linux-64/-/esbuild-linux-64-0.14.36.tgz"
  "version" "0.14.36"

"esbuild@^0.14.27":
  "integrity" "sha512-HhFHPiRXGYOCRlrhpiVDYKcFJRdO0sBElZ668M4lh2ER0YgnkLxECuFe7uWCf23FrcLc59Pqr7dHkTqmRPDHmw=="
  "resolved" "https://registry.npmjs.org/esbuild/-/esbuild-0.14.36.tgz"
  "version" "0.14.36"
  optionalDependencies:
    "esbuild-android-64" "0.14.36"
    "esbuild-android-arm64" "0.14.36"
    "esbuild-darwin-64" "0.14.36"
    "esbuild-darwin-arm64" "0.14.36"
    "esbuild-freebsd-64" "0.14.36"
    "esbuild-freebsd-arm64" "0.14.36"
    "esbuild-linux-32" "0.14.36"
    "esbuild-linux-64" "0.14.36"
    "esbuild-linux-arm" "0.14.36"
    "esbuild-linux-arm64" "0.14.36"
    "esbuild-linux-mips64le" "0.14.36"
    "esbuild-linux-ppc64le" "0.14.36"
    "esbuild-linux-riscv64" "0.14.36"
    "esbuild-linux-s390x" "0.14.36"
    "esbuild-netbsd-64" "0.14.36"
    "esbuild-openbsd-64" "0.14.36"
    "esbuild-sunos-64" "0.14.36"
    "esbuild-windows-32" "0.14.36"
    "esbuild-windows-64" "0.14.36"
    "esbuild-windows-arm64" "0.14.36"

"eventemitter3@^3.1.2":
  "integrity" "sha512-tvtQIeLVHjDkJYnzf2dgVMxfuSGJeM/7UCG17TT4EumTfNtF+0nebF/4zWOIkCreAbtNqhGEboB6BWrwqNaw4Q=="
  "resolved" "https://registry.npmjs.org/eventemitter3/-/eventemitter3-3.1.2.tgz"
  "version" "3.1.2"

"eventemitter3@^4.0.7":
  "integrity" "sha512-8guHBZCwKnFhYdHr2ysuRWErTwhoN2X8XELRlrRwpmfeY2jjuUN4taQMsULKUVo1K4DvZl+0pgfyoysHxvmvEw=="
  "resolved" "https://registry.npmjs.org/eventemitter3/-/eventemitter3-4.0.7.tgz"
  "version" "4.0.7"

"follow-redirects@^1.14.9":
  "integrity" "sha512-yLAMQs+k0b2m7cVxpS1VKJVvoz7SS9Td1zss3XRwXj+ZDH00RJgnuLx7E44wx02kQLrdM3aOOy+FpzS7+8OizA=="
  "resolved" "https://registry.npmjs.org/follow-redirects/-/follow-redirects-1.15.1.tgz"
  "version" "1.15.1"

"form-data@^4.0.0":
  "integrity" "sha512-ETEklSGi5t0QMZuiXoA/Q6vcnxcLQP5vdugSpuAyi6SVGi2clPPp+xgEhuMaHC+zGgn31Kd235W35f7Hykkaww=="
  "resolved" "https://registry.npmjs.org/form-data/-/form-data-4.0.0.tgz"
  "version" "4.0.0"
  dependencies:
    "asynckit" "^0.4.0"
    "combined-stream" "^1.0.8"
    "mime-types" "^2.1.12"

"function-bind@^1.1.1":
  "integrity" "sha512-yIovAzMX49sF8Yl58fSCWJ5svSLuaibPxXQJFLmBObTuCr0Mf1KiPopGM9NiFjiYBCbfaa2Fh6breQ6ANVTI0A=="
  "resolved" "https://registry.npmjs.org/function-bind/-/function-bind-1.1.1.tgz"
  "version" "1.1.1"

"handlebars@^4.7.7":
  "integrity" "sha512-aAcXm5OAfE/8IXkcZvCepKU3VzW1/39Fb5ZuqMtgI/hT8X2YgoMvBY5dLhq/cpOvw7Lk1nK/UF71aLG/ZnVYRA=="
  "resolved" "https://registry.npmjs.org/handlebars/-/handlebars-4.7.7.tgz"
  "version" "4.7.7"
  dependencies:
    "minimist" "^1.2.5"
    "neo-async" "^2.6.0"
    "source-map" "^0.6.1"
    "wordwrap" "^1.0.0"
  optionalDependencies:
    "uglify-js" "^3.1.4"

"has@^1.0.3":
  "integrity" "sha512-f2dvO0VU6Oej7RkWJGrehjbzMAjFp5/VKPp5tTpWIV4JHHZK1/BxbFRtf/siA2SWTe09caDmVtYYzWEIbBS4zw=="
  "resolved" "https://registry.npmjs.org/has/-/has-1.0.3.tgz"
  "version" "1.0.3"
  dependencies:
    "function-bind" "^1.1.1"

"husky@^8.0.0":
  "integrity" "sha512-xs7/chUH/CKdOCs7Zy0Aev9e/dKOMZf3K1Az1nar3tzlv0jfqnYtu235bstsWTmXOR0EfINrPa97yy4Lz6RiKw=="
  "resolved" "https://registry.npmjs.org/husky/-/husky-8.0.1.tgz"
  "version" "8.0.1"

"inherits@2.0.3":
  "integrity" "sha1-Yzwsg+PaQqUC9SRmAiSA9CCCYd4="
  "resolved" "https://registry.npmjs.org/inherits/-/inherits-2.0.3.tgz"
  "version" "2.0.3"

"is-core-module@^2.8.1":
  "integrity" "sha512-SdNCUs284hr40hFTFP6l0IfZ/RSrMXF3qgoRHd3/79unUTvrFO/JoXwkGm+5J/Oe3E/b5GsnG330uUNgRpu1PA=="
  "resolved" "https://registry.npmjs.org/is-core-module/-/is-core-module-2.8.1.tgz"
  "version" "2.8.1"
  dependencies:
    "has" "^1.0.3"

"js-yaml@^4.1.0":
  "integrity" "sha512-wpxZs9NoxZaJESJGIZTyDEaYpl0FKSA+FB9aJiyemKhMwkxQg63h4T1KJgUGHpTqPDNRcmmYLugrRjJlBtWvRA=="
  "resolved" "https://registry.npmjs.org/js-yaml/-/js-yaml-4.1.0.tgz"
  "version" "4.1.0"
  dependencies:
    "argparse" "^2.0.1"

"kioskboard@^2.2.0":
  "integrity" "sha512-yCHnvMNiEu/SpK3+5WxMmoMwGVU479Lnh0JWpmCDOmyI4lPPNXa7cquEgp0lmWGl+1Z+0Fv0A3sEH4hwr2jn3Q=="
  "resolved" "https://registry.npmjs.org/kioskboard/-/kioskboard-2.2.0.tgz"
  "version" "2.2.0"

"mime-db@1.52.0":
  "integrity" "sha512-sPU4uV7dYlvtWJxwwxHD0PuihVNiE7TyAbQ5SWxDCB9mUYvOgroQOwYQQOKPJ8CIbE+1ETVlOoK1UC2nU3gYvg=="
  "resolved" "https://registry.npmjs.org/mime-db/-/mime-db-1.52.0.tgz"
  "version" "1.52.0"

"mime-types@^2.1.12":
  "integrity" "sha512-ZDY+bPm5zTTF+YpCrAU9nK0UgICYPT0QtT1NZWFv4s++TNkcgVaT0g6+4R2uI4MjQjzysHB1zxuWL50hzaeXiw=="
  "resolved" "https://registry.npmjs.org/mime-types/-/mime-types-2.1.35.tgz"
  "version" "2.1.35"
  dependencies:
    "mime-db" "1.52.0"

"minimist@^1.2.5":
  "integrity" "sha512-Jsjnk4bw3YJqYzbdyBiNsPWHPfO++UGG749Cxs6peCu5Xg4nrena6OVxOYxrQTqww0Jmwt+Ref8rggumkTLz9Q=="
  "resolved" "https://registry.npmjs.org/minimist/-/minimist-1.2.6.tgz"
  "version" "1.2.6"

"nanoid@^3.3.1":
  "integrity" "sha512-CuHBogktKwpm5g2sRgv83jEy2ijFzBwMoYA60orPDR7ynsLijJDqgsi4RDGj3OJpy3Ieb+LYwiRmIOGyytgITA=="
  "resolved" "https://registry.npmjs.org/nanoid/-/nanoid-3.3.2.tgz"
  "version" "3.3.2"

"neo-async@^2.6.0":
  "integrity" "sha512-Yd3UES5mWCSqR+qNT93S3UoYUkqAZ9lLg8a7g9rimsWmYGK8cVToA4/sF3RrshdyV3sAGMXVUmpMYOw+dLpOuw=="
  "resolved" "https://registry.npmjs.org/neo-async/-/neo-async-2.6.2.tgz"
  "version" "2.6.2"

"papaparse@^5.3.1":
  "integrity" "sha512-6dNZu0Ki+gyV0eBsFKJhYr+MdQYAzFUGlBMNj3GNrmHxmz1lfRa24CjFObPXtjcetlOv5Ad299MhIK0znp3afw=="
  "resolved" "https://registry.npmjs.org/papaparse/-/papaparse-5.3.2.tgz"
  "version" "5.3.2"

"path-parse@^1.0.7":
  "integrity" "sha512-LDJzPVEEEPR+y48z93A0Ed0yXb8pAByGWo/k5YYdYgpY2/2EsOsksJrq7lOHxryrVOn1ejG6oAp8ahvOIQD8sw=="
  "resolved" "https://registry.npmjs.org/path-parse/-/path-parse-1.0.7.tgz"
  "version" "1.0.7"

"path@^0.12.7":
  "integrity" "sha1-1NwqUGxM4hl+tIHr/NWzbAFAsQ8="
  "resolved" "https://registry.npmjs.org/path/-/path-0.12.7.tgz"
  "version" "0.12.7"
  dependencies:
    "process" "^0.11.1"
    "util" "^0.10.3"

"phaser@3.55.2":
  "integrity" "sha512-amKXsbb2Ht29dGPKvt1edq3yGGYKtq8373GpJYGKPNPnneYY6MtVTOgjHDuZwtmUyK4v86FugkT3hzW/N4tjxQ=="
  "resolved" "https://registry.npmjs.org/phaser/-/phaser-3.55.2.tgz"
  "version" "3.55.2"
  dependencies:
    "eventemitter3" "^4.0.7"
    "path" "^0.12.7"

"phaser3-rex-plugins@1.1.68":
  "integrity" "sha512-E+uXHW/LVIywOu8g1vNBvtVmdYJeIZX6MrQmod8kYSJ5rdu90cCATvB3JdPED9o7lwa6jFmDiXAbVai7tSZovQ=="
  "resolved" "https://registry.npmjs.org/phaser3-rex-plugins/-/phaser3-rex-plugins-1.1.68.tgz"
  "version" "1.1.68"
  dependencies:
    "eventemitter3" "^3.1.2"
    "handlebars" "^4.7.7"
    "js-yaml" "^4.1.0"
    "papaparse" "^5.3.1"
    "webfontloader" "^1.6.28"

"picocolors@^1.0.0":
  "integrity" "sha512-1fygroTLlHu66zi26VoTDv8yRgm0Fccecssto+MhsZ0D/DGW2sm8E8AjW7NU5VVTRt5GxbeZ5qBuJr+HyLYkjQ=="
  "resolved" "https://registry.npmjs.org/picocolors/-/picocolors-1.0.0.tgz"
  "version" "1.0.0"

"postcss@^8.4.12":
  "integrity" "sha512-lg6eITwYe9v6Hr5CncVbK70SoioNQIq81nsaG86ev5hAidQvmOeETBqs7jm43K2F5/Ley3ytDtriImV6TpNiSg=="
  "resolved" "https://registry.npmjs.org/postcss/-/postcss-8.4.12.tgz"
  "version" "8.4.12"
  dependencies:
    "nanoid" "^3.3.1"
    "picocolors" "^1.0.0"
    "source-map-js" "^1.0.2"

"process@^0.11.1":
  "integrity" "sha1-czIwDoQBYb2j5podHZGn1LwW8YI="
  "resolved" "https://registry.npmjs.org/process/-/process-0.11.10.tgz"
  "version" "0.11.10"

"resolve@^1.22.0":
  "integrity" "sha512-Hhtrw0nLeSrFQ7phPp4OOcVjLPIeMnRlr5mcnVuMe7M/7eBn98A3hmFRLoFo3DLZkivSYwhRUJTyPyWAk56WLw=="
  "resolved" "https://registry.npmjs.org/resolve/-/resolve-1.22.0.tgz"
  "version" "1.22.0"
  dependencies:
    "is-core-module" "^2.8.1"
    "path-parse" "^1.0.7"
    "supports-preserve-symlinks-flag" "^1.0.0"

"rollup@^2.59.0":
  "integrity" "sha512-EitogNZnfku65I1DD5Mxe8JYRUCy0hkK5X84IlDtUs+O6JRMpRciXTzyCUuX11b5L5pvjH+OmFXiQ3XjabcXgg=="
  "resolved" "https://registry.npmjs.org/rollup/-/rollup-2.70.2.tgz"
  "version" "2.70.2"
  optionalDependencies:
    "fsevents" "~2.3.2"

"source-map-js@^1.0.2":
  "integrity" "sha512-R0XvVJ9WusLiqTCEiGCmICCMplcCkIwwR11mOSD9CR5u+IXYdiseeEuXCVAjS54zqwkLcPNnmU4OeJ6tUrWhDw=="
  "resolved" "https://registry.npmjs.org/source-map-js/-/source-map-js-1.0.2.tgz"
  "version" "1.0.2"

"source-map@^0.6.1":
  "integrity" "sha512-UjgapumWlbMhkBgzT7Ykc5YXUT46F0iKu8SGXq0bcwP5dz/h0Plj6enJqjz1Zbq2l5WaqYnrVbwWOWMyF3F47g=="
  "resolved" "https://registry.npmjs.org/source-map/-/source-map-0.6.1.tgz"
  "version" "0.6.1"

"supports-preserve-symlinks-flag@^1.0.0":
  "integrity" "sha512-ot0WnXS9fgdkgIcePe6RHNk1WA8+muPa6cSjeR3V8K27q9BB1rTE3R1p7Hv0z1ZyAc8s6Vvv8DIyWf681MAt0w=="
  "resolved" "https://registry.npmjs.org/supports-preserve-symlinks-flag/-/supports-preserve-symlinks-flag-1.0.0.tgz"
  "version" "1.0.0"

"typescript@4.5.4":
  "integrity" "sha512-VgYs2A2QIRuGphtzFV7aQJduJ2gyfTljngLzjpfW9FoYZF6xuw1W0vW9ghCKLfcWrCFxK81CSGRAvS1pn4fIUg=="
  "resolved" "https://registry.npmjs.org/typescript/-/typescript-4.5.4.tgz"
  "version" "4.5.4"

"uglify-js@^3.1.4":
  "integrity" "sha512-vMOPGDuvXecPs34V74qDKk4iJ/SN4vL3Ow/23ixafENYvtrNvtbcgUeugTcUGRGsOF/5fU8/NYSL5Hyb3l1OJA=="
  "resolved" "https://registry.npmjs.org/uglify-js/-/uglify-js-3.15.4.tgz"
  "version" "3.15.4"

"util@^0.10.3":
  "integrity" "sha512-0Pm9hTQ3se5ll1XihRic3FDIku70C+iHUdT/W926rSgHV5QgXsYbKZN8MSC3tJtSkhuROzvsQjAaFENRXr+19A=="
  "resolved" "https://registry.npmjs.org/util/-/util-0.10.4.tgz"
  "version" "0.10.4"
  dependencies:
    "inherits" "2.0.3"

"vite@2.9.2":
  "integrity" "sha512-ScbfYsiG1N/xE2TnZWYWJ8aOFBQovEl4VLU+0dktxqXvqdAvcTOEUM5YqwaBkmNHSHUGHLPd92tuXFQ35wDkVw=="
  "resolved" "https://registry.npmjs.org/vite/-/vite-2.9.2.tgz"
  "version" "2.9.2"
  dependencies:
    "esbuild" "^0.14.27"
    "postcss" "^8.4.12"
    "resolve" "^1.22.0"
    "rollup" "^2.59.0"
  optionalDependencies:
    "fsevents" "~2.3.2"

"webfontloader@^1.6.28":
  "integrity" "sha1-23hhKSU8tujq5UwvsF+HCvZnW64="
  "resolved" "https://registry.npmjs.org/webfontloader/-/webfontloader-1.6.28.tgz"
  "version" "1.6.28"

"wordwrap@^1.0.0":
  "integrity" "sha1-J1hIEIkUVqQXHI0CJkQa3pDLyus="
  "resolved" "https://registry.npmjs.org/wordwrap/-/wordwrap-1.0.0.tgz"
  "version" "1.0.0"
